// !$*UTF8*$!
{
	archiveVersion = 1;
	classes = {
	};
	objectVersion = 46;
	objects = {

/* Begin PBXBuildFile section */
		35680FFB1BCE55C700FED7C9 /* empty in Resources */ = {isa = PBXBuildFile; fileRef = 35680FFA1BCE55C700FED7C9 /* empty */; settings = {ASSET_TAGS = (); }; };
		35680FFF1BCE55DB00FED7C9 /* empty in Resources */ = {isa = PBXBuildFile; fileRef = 35680FFE1BCE55DB00FED7C9 /* empty */; settings = {ASSET_TAGS = (); }; };
		356810141BCF3B7400FED7C9 /* LYXViewModelServicesImpl.m in Sources */ = {isa = PBXBuildFile; fileRef = 356810131BCF3B7400FED7C9 /* LYXViewModelServicesImpl.m */; settings = {ASSET_TAGS = (); }; };
		356810171BCF3D4600FED7C9 /* LYXViewModel.m in Sources */ = {isa = PBXBuildFile; fileRef = 356810161BCF3D4600FED7C9 /* LYXViewModel.m */; settings = {ASSET_TAGS = (); }; };
		3568101A1BCF46B100FED7C9 /* LYXTabBarViewModel.m in Sources */ = {isa = PBXBuildFile; fileRef = 356810191BCF46B100FED7C9 /* LYXTabBarViewModel.m */; settings = {ASSET_TAGS = (); }; };
		3568101F1BCF4D7E00FED7C9 /* LYXMainViewModel.m in Sources */ = {isa = PBXBuildFile; fileRef = 3568101E1BCF4D7E00FED7C9 /* LYXMainViewModel.m */; settings = {ASSET_TAGS = (); }; };
		356810221BCF4F2F00FED7C9 /* LYXTableViewModel.m in Sources */ = {isa = PBXBuildFile; fileRef = 356810211BCF4F2F00FED7C9 /* LYXTableViewModel.m */; settings = {ASSET_TAGS = (); }; };
		356810251BCF507A00FED7C9 /* LYXSegmentedControlViewModel.m in Sources */ = {isa = PBXBuildFile; fileRef = 356810241BCF507A00FED7C9 /* LYXSegmentedControlViewModel.m */; settings = {ASSET_TAGS = (); }; };
		356810281BCF510C00FED7C9 /* LYXWebViewModel.m in Sources */ = {isa = PBXBuildFile; fileRef = 356810271BCF510C00FED7C9 /* LYXWebViewModel.m */; settings = {ASSET_TAGS = (); }; };
		3568102B1BCF527000FED7C9 /* LYXHomeViewModel.m in Sources */ = {isa = PBXBuildFile; fileRef = 3568102A1BCF527000FED7C9 /* LYXHomeViewModel.m */; settings = {ASSET_TAGS = (); }; };
		3568102E1BCF544A00FED7C9 /* LYXMeViewModel.m in Sources */ = {isa = PBXBuildFile; fileRef = 3568102D1BCF544A00FED7C9 /* LYXMeViewModel.m */; settings = {ASSET_TAGS = (); }; };
		356810341BCF57B700FED7C9 /* LYXNavigationControllerStack.m in Sources */ = {isa = PBXBuildFile; fileRef = 356810331BCF57B700FED7C9 /* LYXNavigationControllerStack.m */; settings = {ASSET_TAGS = (); }; };
		356810371BCF588B00FED7C9 /* LYXRouter.m in Sources */ = {isa = PBXBuildFile; fileRef = 356810361BCF588B00FED7C9 /* LYXRouter.m */; settings = {ASSET_TAGS = (); }; };
		3568103A1BCF5A0700FED7C9 /* LYXNavigationController.m in Sources */ = {isa = PBXBuildFile; fileRef = 356810391BCF5A0700FED7C9 /* LYXNavigationController.m */; settings = {ASSET_TAGS = (); }; };
		3568103D1BCF754D00FED7C9 /* LYXTabBarController.m in Sources */ = {isa = PBXBuildFile; fileRef = 3568103C1BCF754D00FED7C9 /* LYXTabBarController.m */; settings = {ASSET_TAGS = (); }; };
		356810401BCF76FA00FED7C9 /* LYXViewController.m in Sources */ = {isa = PBXBuildFile; fileRef = 3568103F1BCF76FA00FED7C9 /* LYXViewController.m */; settings = {ASSET_TAGS = (); }; };
		356810431BCF796A00FED7C9 /* LYXTableViewController.m in Sources */ = {isa = PBXBuildFile; fileRef = 356810421BCF796A00FED7C9 /* LYXTableViewController.m */; settings = {ASSET_TAGS = (); }; };
		356810461BCF83E300FED7C9 /* LYXSegmentedControlController.m in Sources */ = {isa = PBXBuildFile; fileRef = 356810451BCF83E300FED7C9 /* LYXSegmentedControlController.m */; settings = {ASSET_TAGS = (); }; };
		356810491BCF863900FED7C9 /* UINavigationItem+LYXBackBarButtonItem.m in Sources */ = {isa = PBXBuildFile; fileRef = 356810481BCF863900FED7C9 /* UINavigationItem+LYXBackBarButtonItem.m */; settings = {ASSET_TAGS = (); }; };
		356810501BCF88F800FED7C9 /* LYXWebViewController.m in Sources */ = {isa = PBXBuildFile; fileRef = 3568104F1BCF88F800FED7C9 /* LYXWebViewController.m */; settings = {ASSET_TAGS = (); }; };
		3568105D1BCF8D8400FED7C9 /* LYXHomeViewController.m in Sources */ = {isa = PBXBuildFile; fileRef = 3568105C1BCF8D8400FED7C9 /* LYXHomeViewController.m */; settings = {ASSET_TAGS = (); }; };
		356810601BCF8E1200FED7C9 /* LYXMeViewController.m in Sources */ = {isa = PBXBuildFile; fileRef = 3568105F1BCF8E1200FED7C9 /* LYXMeViewController.m */; settings = {ASSET_TAGS = (); }; };
		356810631BCF945900FED7C9 /* LYXMainViewController.m in Sources */ = {isa = PBXBuildFile; fileRef = 356810621BCF945900FED7C9 /* LYXMainViewController.m */; settings = {ASSET_TAGS = (); }; };
		356810681BCF9E1200FED7C9 /* update_v1_0_0.sql in Resources */ = {isa = PBXBuildFile; fileRef = 356810671BCF9E1200FED7C9 /* update_v1_0_0.sql */; settings = {ASSET_TAGS = (); }; };
		3568106B1BCF9E6F00FED7C9 /* FMDatabaseQueue+LYXHelper.m in Sources */ = {isa = PBXBuildFile; fileRef = 3568106A1BCF9E6F00FED7C9 /* FMDatabaseQueue+LYXHelper.m */; settings = {ASSET_TAGS = (); }; };
		356810711BCFA82600FED7C9 /* UIImage+ImageEffects.m in Sources */ = {isa = PBXBuildFile; fileRef = 3568106E1BCFA82600FED7C9 /* UIImage+ImageEffects.m */; settings = {ASSET_TAGS = (); }; };
		356810721BCFA82600FED7C9 /* UIImage+RTTint.m in Sources */ = {isa = PBXBuildFile; fileRef = 356810701BCFA82600FED7C9 /* UIImage+RTTint.m */; settings = {ASSET_TAGS = (); }; };
		3568108B1BCFBB2400FED7C9 /* tab_cart_gray@2x.png in Resources */ = {isa = PBXBuildFile; fileRef = 356810731BCFBB2400FED7C9 /* tab_cart_gray@2x.png */; settings = {ASSET_TAGS = (); }; };
		3568108C1BCFBB2400FED7C9 /* tab_cart_gray@3x.png in Resources */ = {isa = PBXBuildFile; fileRef = 356810741BCFBB2400FED7C9 /* tab_cart_gray@3x.png */; settings = {ASSET_TAGS = (); }; };
		3568108D1BCFBB2400FED7C9 /* tab_cart_white@2x.png in Resources */ = {isa = PBXBuildFile; fileRef = 356810751BCFBB2400FED7C9 /* tab_cart_white@2x.png */; settings = {ASSET_TAGS = (); }; };
		3568108E1BCFBB2400FED7C9 /* tab_cart_white@3x.png in Resources */ = {isa = PBXBuildFile; fileRef = 356810761BCFBB2400FED7C9 /* tab_cart_white@3x.png */; settings = {ASSET_TAGS = (); }; };
		3568108F1BCFBB2400FED7C9 /* tab_category_gray@2x.png in Resources */ = {isa = PBXBuildFile; fileRef = 356810771BCFBB2400FED7C9 /* tab_category_gray@2x.png */; settings = {ASSET_TAGS = (); }; };
		356810901BCFBB2400FED7C9 /* tab_category_gray@3x.png in Resources */ = {isa = PBXBuildFile; fileRef = 356810781BCFBB2400FED7C9 /* tab_category_gray@3x.png */; settings = {ASSET_TAGS = (); }; };
		356810911BCFBB2400FED7C9 /* tab_category_white@2x.png in Resources */ = {isa = PBXBuildFile; fileRef = 356810791BCFBB2400FED7C9 /* tab_category_white@2x.png */; settings = {ASSET_TAGS = (); }; };
		356810921BCFBB2400FED7C9 /* tab_category_white@3x.png in Resources */ = {isa = PBXBuildFile; fileRef = 3568107A1BCFBB2400FED7C9 /* tab_category_white@3x.png */; settings = {ASSET_TAGS = (); }; };
		356810931BCFBB2400FED7C9 /* tab_home_gray@2x.png in Resources */ = {isa = PBXBuildFile; fileRef = 3568107B1BCFBB2400FED7C9 /* tab_home_gray@2x.png */; settings = {ASSET_TAGS = (); }; };
		356810941BCFBB2400FED7C9 /* tab_home_gray@3x.png in Resources */ = {isa = PBXBuildFile; fileRef = 3568107C1BCFBB2400FED7C9 /* tab_home_gray@3x.png */; settings = {ASSET_TAGS = (); }; };
		356810951BCFBB2400FED7C9 /* tab_home_white@2x.png in Resources */ = {isa = PBXBuildFile; fileRef = 3568107D1BCFBB2400FED7C9 /* tab_home_white@2x.png */; settings = {ASSET_TAGS = (); }; };
		356810961BCFBB2400FED7C9 /* tab_home_white@3x.png in Resources */ = {isa = PBXBuildFile; fileRef = 3568107E1BCFBB2400FED7C9 /* tab_home_white@3x.png */; settings = {ASSET_TAGS = (); }; };
		356810971BCFBB2400FED7C9 /* tab_me_gray@2x.png in Resources */ = {isa = PBXBuildFile; fileRef = 3568107F1BCFBB2400FED7C9 /* tab_me_gray@2x.png */; settings = {ASSET_TAGS = (); }; };
		356810981BCFBB2400FED7C9 /* tab_me_gray@3x.png in Resources */ = {isa = PBXBuildFile; fileRef = 356810801BCFBB2400FED7C9 /* tab_me_gray@3x.png */; settings = {ASSET_TAGS = (); }; };
		356810991BCFBB2400FED7C9 /* tab_me_white@2x.png in Resources */ = {isa = PBXBuildFile; fileRef = 356810811BCFBB2400FED7C9 /* tab_me_white@2x.png */; settings = {ASSET_TAGS = (); }; };
		3568109A1BCFBB2400FED7C9 /* tab_me_white@3x.png in Resources */ = {isa = PBXBuildFile; fileRef = 356810821BCFBB2400FED7C9 /* tab_me_white@3x.png */; settings = {ASSET_TAGS = (); }; };
		3568109B1BCFBB2400FED7C9 /* tab_o2o_gray@2x.png in Resources */ = {isa = PBXBuildFile; fileRef = 356810831BCFBB2400FED7C9 /* tab_o2o_gray@2x.png */; settings = {ASSET_TAGS = (); }; };
		3568109C1BCFBB2400FED7C9 /* tab_o2o_gray@3x.png in Resources */ = {isa = PBXBuildFile; fileRef = 356810841BCFBB2400FED7C9 /* tab_o2o_gray@3x.png */; settings = {ASSET_TAGS = (); }; };
		3568109D1BCFBB2400FED7C9 /* tab_o2o_white@2x.png in Resources */ = {isa = PBXBuildFile; fileRef = 356810851BCFBB2400FED7C9 /* tab_o2o_white@2x.png */; settings = {ASSET_TAGS = (); }; };
		3568109E1BCFBB2400FED7C9 /* tab_o2o_white@3x.png in Resources */ = {isa = PBXBuildFile; fileRef = 356810861BCFBB2400FED7C9 /* tab_o2o_white@3x.png */; settings = {ASSET_TAGS = (); }; };
		3568109F1BCFBB2400FED7C9 /* tabbar_normal_bg@2x.png in Resources */ = {isa = PBXBuildFile; fileRef = 356810871BCFBB2400FED7C9 /* tabbar_normal_bg@2x.png */; settings = {ASSET_TAGS = (); }; };
		356810A01BCFBB2400FED7C9 /* tabbar_normal_bg@3x.jpg in Resources */ = {isa = PBXBuildFile; fileRef = 356810881BCFBB2400FED7C9 /* tabbar_normal_bg@3x.jpg */; settings = {ASSET_TAGS = (); }; };
		356810A11BCFBB2400FED7C9 /* tabbar_selected_bg@2x.png in Resources */ = {isa = PBXBuildFile; fileRef = 356810891BCFBB2400FED7C9 /* tabbar_selected_bg@2x.png */; settings = {ASSET_TAGS = (); }; };
		356810A21BCFBB2400FED7C9 /* tabbar_selected_bg@3x.png in Resources */ = {isa = PBXBuildFile; fileRef = 3568108A1BCFBB2400FED7C9 /* tabbar_selected_bg@3x.png */; settings = {ASSET_TAGS = (); }; };
		35BED8CC1BB252C80030D89B /* main.m in Sources */ = {isa = PBXBuildFile; fileRef = 35BED8CB1BB252C80030D89B /* main.m */; };
		35BED8CF1BB252C80030D89B /* AppDelegate.m in Sources */ = {isa = PBXBuildFile; fileRef = 35BED8CE1BB252C80030D89B /* AppDelegate.m */; };
		35BED8D21BB252C80030D89B /* ViewController.m in Sources */ = {isa = PBXBuildFile; fileRef = 35BED8D11BB252C80030D89B /* ViewController.m */; };
		35BED8D51BB252C80030D89B /* Main.storyboard in Resources */ = {isa = PBXBuildFile; fileRef = 35BED8D31BB252C80030D89B /* Main.storyboard */; };
		35BED8D71BB252C80030D89B /* Assets.xcassets in Resources */ = {isa = PBXBuildFile; fileRef = 35BED8D61BB252C80030D89B /* Assets.xcassets */; };
		35BED8DA1BB252C80030D89B /* LaunchScreen.storyboard in Resources */ = {isa = PBXBuildFile; fileRef = 35BED8D81BB252C80030D89B /* LaunchScreen.storyboard */; };
		35BED8E51BB252C90030D89B /* LYXBaseAppTests.m in Sources */ = {isa = PBXBuildFile; fileRef = 35BED8E41BB252C90030D89B /* LYXBaseAppTests.m */; };
		35BED8F01BB252C90030D89B /* LYXBaseAppUITests.m in Sources */ = {isa = PBXBuildFile; fileRef = 35BED8EF1BB252C90030D89B /* LYXBaseAppUITests.m */; };
		35BED9431BB38D090030D89B /* InfoPlist.strings in Resources */ = {isa = PBXBuildFile; fileRef = 35BED9451BB38D090030D89B /* InfoPlist.strings */; };
		35BED9461BB38D120030D89B /* Localizable.strings in Resources */ = {isa = PBXBuildFile; fileRef = 35BED9481BB38D120030D89B /* Localizable.strings */; };
		D250878AE353638C20334E5B /* libPods.a in Frameworks */ = {isa = PBXBuildFile; fileRef = 51A5A9315246188397DFECFF /* libPods.a */; };
/* End PBXBuildFile section */

/* Begin PBXContainerItemProxy section */
		35BED8E11BB252C90030D89B /* PBXContainerItemProxy */ = {
			isa = PBXContainerItemProxy;
			containerPortal = 35BED8BF1BB252C80030D89B /* Project object */;
			proxyType = 1;
			remoteGlobalIDString = 35BED8C61BB252C80030D89B;
			remoteInfo = LYXBaseApp;
		};
		35BED8EC1BB252C90030D89B /* PBXContainerItemProxy */ = {
			isa = PBXContainerItemProxy;
			containerPortal = 35BED8BF1BB252C80030D89B /* Project object */;
			proxyType = 1;
			remoteGlobalIDString = 35BED8C61BB252C80030D89B;
			remoteInfo = LYXBaseApp;
		};
/* End PBXContainerItemProxy section */

/* Begin PBXFileReference section */
		00D1C4A9652EFA6D87FE0D82 /* Pods.debug.xcconfig */ = {isa = PBXFileReference; includeInIndex = 1; lastKnownFileType = text.xcconfig; name = Pods.debug.xcconfig; path = "Pods/Target Support Files/Pods/Pods.debug.xcconfig"; sourceTree = "<group>"; };
		35680FFA1BCE55C700FED7C9 /* empty */ = {isa = PBXFileReference; fileEncoding = 4; lastKnownFileType = text; path = empty; sourceTree = "<group>"; };
		35680FFE1BCE55DB00FED7C9 /* empty */ = {isa = PBXFileReference; fileEncoding = 4; lastKnownFileType = text; path = empty; sourceTree = "<group>"; };
		356810061BCE5F9200FED7C9 /* LYXNavigationProtocol.h */ = {isa = PBXFileReference; fileEncoding = 4; lastKnownFileType = sourcecode.c.h; path = LYXNavigationProtocol.h; sourceTree = "<group>"; };
		356810091BCE602400FED7C9 /* LYXViewModelProtocol.h */ = {isa = PBXFileReference; fileEncoding = 4; lastKnownFileType = sourcecode.c.h; path = LYXViewModelProtocol.h; sourceTree = "<group>"; };
		3568100C1BCE642200FED7C9 /* LYXBaseApp-Prefix.pch */ = {isa = PBXFileReference; fileEncoding = 4; lastKnownFileType = sourcecode.c.h; path = "LYXBaseApp-Prefix.pch"; sourceTree = "<group>"; };
		3568100D1BCE664100FED7C9 /* LYXConfig.h */ = {isa = PBXFileReference; fileEncoding = 4; lastKnownFileType = sourcecode.c.h; path = LYXConfig.h; sourceTree = "<group>"; };
		3568100E1BCE666600FED7C9 /* LYXConstant.h */ = {isa = PBXFileReference; fileEncoding = 4; lastKnownFileType = sourcecode.c.h; path = LYXConstant.h; sourceTree = "<group>"; };
		3568100F1BCF3AA700FED7C9 /* LYXViewModelServices.h */ = {isa = PBXFileReference; fileEncoding = 4; lastKnownFileType = sourcecode.c.h; path = LYXViewModelServices.h; sourceTree = "<group>"; };
		356810121BCF3B7400FED7C9 /* LYXViewModelServicesImpl.h */ = {isa = PBXFileReference; fileEncoding = 4; lastKnownFileType = sourcecode.c.h; path = LYXViewModelServicesImpl.h; sourceTree = "<group>"; };
		356810131BCF3B7400FED7C9 /* LYXViewModelServicesImpl.m */ = {isa = PBXFileReference; fileEncoding = 4; lastKnownFileType = sourcecode.c.objc; path = LYXViewModelServicesImpl.m; sourceTree = "<group>"; };
		356810151BCF3D4600FED7C9 /* LYXViewModel.h */ = {isa = PBXFileReference; fileEncoding = 4; lastKnownFileType = sourcecode.c.h; path = LYXViewModel.h; sourceTree = "<group>"; };
		356810161BCF3D4600FED7C9 /* LYXViewModel.m */ = {isa = PBXFileReference; fileEncoding = 4; lastKnownFileType = sourcecode.c.objc; path = LYXViewModel.m; sourceTree = "<group>"; };
		356810181BCF46B100FED7C9 /* LYXTabBarViewModel.h */ = {isa = PBXFileReference; fileEncoding = 4; lastKnownFileType = sourcecode.c.h; path = LYXTabBarViewModel.h; sourceTree = "<group>"; };
		356810191BCF46B100FED7C9 /* LYXTabBarViewModel.m */ = {isa = PBXFileReference; fileEncoding = 4; lastKnownFileType = sourcecode.c.objc; path = LYXTabBarViewModel.m; sourceTree = "<group>"; };
		3568101D1BCF4D7E00FED7C9 /* LYXMainViewModel.h */ = {isa = PBXFileReference; fileEncoding = 4; lastKnownFileType = sourcecode.c.h; path = LYXMainViewModel.h; sourceTree = "<group>"; };
		3568101E1BCF4D7E00FED7C9 /* LYXMainViewModel.m */ = {isa = PBXFileReference; fileEncoding = 4; lastKnownFileType = sourcecode.c.objc; path = LYXMainViewModel.m; sourceTree = "<group>"; };
		356810201BCF4F2F00FED7C9 /* LYXTableViewModel.h */ = {isa = PBXFileReference; fileEncoding = 4; lastKnownFileType = sourcecode.c.h; path = LYXTableViewModel.h; sourceTree = "<group>"; };
		356810211BCF4F2F00FED7C9 /* LYXTableViewModel.m */ = {isa = PBXFileReference; fileEncoding = 4; lastKnownFileType = sourcecode.c.objc; path = LYXTableViewModel.m; sourceTree = "<group>"; };
		356810231BCF507A00FED7C9 /* LYXSegmentedControlViewModel.h */ = {isa = PBXFileReference; fileEncoding = 4; lastKnownFileType = sourcecode.c.h; path = LYXSegmentedControlViewModel.h; sourceTree = "<group>"; };
		356810241BCF507A00FED7C9 /* LYXSegmentedControlViewModel.m */ = {isa = PBXFileReference; fileEncoding = 4; lastKnownFileType = sourcecode.c.objc; path = LYXSegmentedControlViewModel.m; sourceTree = "<group>"; };
		356810261BCF510C00FED7C9 /* LYXWebViewModel.h */ = {isa = PBXFileReference; fileEncoding = 4; lastKnownFileType = sourcecode.c.h; path = LYXWebViewModel.h; sourceTree = "<group>"; };
		356810271BCF510C00FED7C9 /* LYXWebViewModel.m */ = {isa = PBXFileReference; fileEncoding = 4; lastKnownFileType = sourcecode.c.objc; path = LYXWebViewModel.m; sourceTree = "<group>"; };
		356810291BCF527000FED7C9 /* LYXHomeViewModel.h */ = {isa = PBXFileReference; fileEncoding = 4; lastKnownFileType = sourcecode.c.h; path = LYXHomeViewModel.h; sourceTree = "<group>"; };
		3568102A1BCF527000FED7C9 /* LYXHomeViewModel.m */ = {isa = PBXFileReference; fileEncoding = 4; lastKnownFileType = sourcecode.c.objc; path = LYXHomeViewModel.m; sourceTree = "<group>"; };
		3568102C1BCF544A00FED7C9 /* LYXMeViewModel.h */ = {isa = PBXFileReference; fileEncoding = 4; lastKnownFileType = sourcecode.c.h; path = LYXMeViewModel.h; sourceTree = "<group>"; };
		3568102D1BCF544A00FED7C9 /* LYXMeViewModel.m */ = {isa = PBXFileReference; fileEncoding = 4; lastKnownFileType = sourcecode.c.objc; path = LYXMeViewModel.m; sourceTree = "<group>"; };
		3568102F1BCF56A800FED7C9 /* LYXViewProtocol.h */ = {isa = PBXFileReference; fileEncoding = 4; lastKnownFileType = sourcecode.c.h; path = LYXViewProtocol.h; sourceTree = "<group>"; };
		356810321BCF57B700FED7C9 /* LYXNavigationControllerStack.h */ = {isa = PBXFileReference; fileEncoding = 4; lastKnownFileType = sourcecode.c.h; path = LYXNavigationControllerStack.h; sourceTree = "<group>"; };
		356810331BCF57B700FED7C9 /* LYXNavigationControllerStack.m */ = {isa = PBXFileReference; fileEncoding = 4; lastKnownFileType = sourcecode.c.objc; path = LYXNavigationControllerStack.m; sourceTree = "<group>"; };
		356810351BCF588B00FED7C9 /* LYXRouter.h */ = {isa = PBXFileReference; fileEncoding = 4; lastKnownFileType = sourcecode.c.h; path = LYXRouter.h; sourceTree = "<group>"; };
		356810361BCF588B00FED7C9 /* LYXRouter.m */ = {isa = PBXFileReference; fileEncoding = 4; lastKnownFileType = sourcecode.c.objc; path = LYXRouter.m; sourceTree = "<group>"; };
		356810381BCF5A0700FED7C9 /* LYXNavigationController.h */ = {isa = PBXFileReference; fileEncoding = 4; lastKnownFileType = sourcecode.c.h; path = LYXNavigationController.h; sourceTree = "<group>"; };
		356810391BCF5A0700FED7C9 /* LYXNavigationController.m */ = {isa = PBXFileReference; fileEncoding = 4; lastKnownFileType = sourcecode.c.objc; path = LYXNavigationController.m; sourceTree = "<group>"; };
		3568103B1BCF754D00FED7C9 /* LYXTabBarController.h */ = {isa = PBXFileReference; fileEncoding = 4; lastKnownFileType = sourcecode.c.h; path = LYXTabBarController.h; sourceTree = "<group>"; };
		3568103C1BCF754D00FED7C9 /* LYXTabBarController.m */ = {isa = PBXFileReference; fileEncoding = 4; lastKnownFileType = sourcecode.c.objc; path = LYXTabBarController.m; sourceTree = "<group>"; };
		3568103E1BCF76FA00FED7C9 /* LYXViewController.h */ = {isa = PBXFileReference; fileEncoding = 4; lastKnownFileType = sourcecode.c.h; path = LYXViewController.h; sourceTree = "<group>"; };
		3568103F1BCF76FA00FED7C9 /* LYXViewController.m */ = {isa = PBXFileReference; fileEncoding = 4; lastKnownFileType = sourcecode.c.objc; path = LYXViewController.m; sourceTree = "<group>"; };
		356810411BCF796A00FED7C9 /* LYXTableViewController.h */ = {isa = PBXFileReference; fileEncoding = 4; lastKnownFileType = sourcecode.c.h; path = LYXTableViewController.h; sourceTree = "<group>"; };
		356810421BCF796A00FED7C9 /* LYXTableViewController.m */ = {isa = PBXFileReference; fileEncoding = 4; lastKnownFileType = sourcecode.c.objc; path = LYXTableViewController.m; sourceTree = "<group>"; };
		356810441BCF83E300FED7C9 /* LYXSegmentedControlController.h */ = {isa = PBXFileReference; fileEncoding = 4; lastKnownFileType = sourcecode.c.h; path = LYXSegmentedControlController.h; sourceTree = "<group>"; };
		356810451BCF83E300FED7C9 /* LYXSegmentedControlController.m */ = {isa = PBXFileReference; fileEncoding = 4; lastKnownFileType = sourcecode.c.objc; path = LYXSegmentedControlController.m; sourceTree = "<group>"; };
		356810471BCF863900FED7C9 /* UINavigationItem+LYXBackBarButtonItem.h */ = {isa = PBXFileReference; fileEncoding = 4; lastKnownFileType = sourcecode.c.h; path = "UINavigationItem+LYXBackBarButtonItem.h"; sourceTree = "<group>"; };
		356810481BCF863900FED7C9 /* UINavigationItem+LYXBackBarButtonItem.m */ = {isa = PBXFileReference; fileEncoding = 4; lastKnownFileType = sourcecode.c.objc; path = "UINavigationItem+LYXBackBarButtonItem.m"; sourceTree = "<group>"; };
		3568104E1BCF88F800FED7C9 /* LYXWebViewController.h */ = {isa = PBXFileReference; fileEncoding = 4; lastKnownFileType = sourcecode.c.h; path = LYXWebViewController.h; sourceTree = "<group>"; };
		3568104F1BCF88F800FED7C9 /* LYXWebViewController.m */ = {isa = PBXFileReference; fileEncoding = 4; lastKnownFileType = sourcecode.c.objc; path = LYXWebViewController.m; sourceTree = "<group>"; };
		3568105B1BCF8D8400FED7C9 /* LYXHomeViewController.h */ = {isa = PBXFileReference; fileEncoding = 4; lastKnownFileType = sourcecode.c.h; path = LYXHomeViewController.h; sourceTree = "<group>"; };
		3568105C1BCF8D8400FED7C9 /* LYXHomeViewController.m */ = {isa = PBXFileReference; fileEncoding = 4; lastKnownFileType = sourcecode.c.objc; path = LYXHomeViewController.m; sourceTree = "<group>"; };
		3568105E1BCF8E1200FED7C9 /* LYXMeViewController.h */ = {isa = PBXFileReference; fileEncoding = 4; lastKnownFileType = sourcecode.c.h; path = LYXMeViewController.h; sourceTree = "<group>"; };
		3568105F1BCF8E1200FED7C9 /* LYXMeViewController.m */ = {isa = PBXFileReference; fileEncoding = 4; lastKnownFileType = sourcecode.c.objc; path = LYXMeViewController.m; sourceTree = "<group>"; };
		356810611BCF945900FED7C9 /* LYXMainViewController.h */ = {isa = PBXFileReference; fileEncoding = 4; lastKnownFileType = sourcecode.c.h; path = LYXMainViewController.h; sourceTree = "<group>"; };
		356810621BCF945900FED7C9 /* LYXMainViewController.m */ = {isa = PBXFileReference; fileEncoding = 4; lastKnownFileType = sourcecode.c.objc; path = LYXMainViewController.m; sourceTree = "<group>"; };
		356810671BCF9E1200FED7C9 /* update_v1_0_0.sql */ = {isa = PBXFileReference; fileEncoding = 4; lastKnownFileType = text; path = update_v1_0_0.sql; sourceTree = "<group>"; };
		356810691BCF9E6F00FED7C9 /* FMDatabaseQueue+LYXHelper.h */ = {isa = PBXFileReference; fileEncoding = 4; lastKnownFileType = sourcecode.c.h; path = "FMDatabaseQueue+LYXHelper.h"; sourceTree = "<group>"; };
		3568106A1BCF9E6F00FED7C9 /* FMDatabaseQueue+LYXHelper.m */ = {isa = PBXFileReference; fileEncoding = 4; lastKnownFileType = sourcecode.c.objc; path = "FMDatabaseQueue+LYXHelper.m"; sourceTree = "<group>"; };
		3568106D1BCFA82600FED7C9 /* UIImage+ImageEffects.h */ = {isa = PBXFileReference; fileEncoding = 4; lastKnownFileType = sourcecode.c.h; path = "UIImage+ImageEffects.h"; sourceTree = "<group>"; };
		3568106E1BCFA82600FED7C9 /* UIImage+ImageEffects.m */ = {isa = PBXFileReference; fileEncoding = 4; lastKnownFileType = sourcecode.c.objc; path = "UIImage+ImageEffects.m"; sourceTree = "<group>"; };
		3568106F1BCFA82600FED7C9 /* UIImage+RTTint.h */ = {isa = PBXFileReference; fileEncoding = 4; lastKnownFileType = sourcecode.c.h; path = "UIImage+RTTint.h"; sourceTree = "<group>"; };
		356810701BCFA82600FED7C9 /* UIImage+RTTint.m */ = {isa = PBXFileReference; fileEncoding = 4; lastKnownFileType = sourcecode.c.objc; path = "UIImage+RTTint.m"; sourceTree = "<group>"; };
		356810731BCFBB2400FED7C9 /* tab_cart_gray@2x.png */ = {isa = PBXFileReference; lastKnownFileType = image.png; path = "tab_cart_gray@2x.png"; sourceTree = "<group>"; };
		356810741BCFBB2400FED7C9 /* tab_cart_gray@3x.png */ = {isa = PBXFileReference; lastKnownFileType = image.png; path = "tab_cart_gray@3x.png"; sourceTree = "<group>"; };
		356810751BCFBB2400FED7C9 /* tab_cart_white@2x.png */ = {isa = PBXFileReference; lastKnownFileType = image.png; path = "tab_cart_white@2x.png"; sourceTree = "<group>"; };
		356810761BCFBB2400FED7C9 /* tab_cart_white@3x.png */ = {isa = PBXFileReference; lastKnownFileType = image.png; path = "tab_cart_white@3x.png"; sourceTree = "<group>"; };
		356810771BCFBB2400FED7C9 /* tab_category_gray@2x.png */ = {isa = PBXFileReference; lastKnownFileType = image.png; path = "tab_category_gray@2x.png"; sourceTree = "<group>"; };
		356810781BCFBB2400FED7C9 /* tab_category_gray@3x.png */ = {isa = PBXFileReference; lastKnownFileType = image.png; path = "tab_category_gray@3x.png"; sourceTree = "<group>"; };
		356810791BCFBB2400FED7C9 /* tab_category_white@2x.png */ = {isa = PBXFileReference; lastKnownFileType = image.png; path = "tab_category_white@2x.png"; sourceTree = "<group>"; };
		3568107A1BCFBB2400FED7C9 /* tab_category_white@3x.png */ = {isa = PBXFileReference; lastKnownFileType = image.png; path = "tab_category_white@3x.png"; sourceTree = "<group>"; };
		3568107B1BCFBB2400FED7C9 /* tab_home_gray@2x.png */ = {isa = PBXFileReference; lastKnownFileType = image.png; path = "tab_home_gray@2x.png"; sourceTree = "<group>"; };
		3568107C1BCFBB2400FED7C9 /* tab_home_gray@3x.png */ = {isa = PBXFileReference; lastKnownFileType = image.png; path = "tab_home_gray@3x.png"; sourceTree = "<group>"; };
		3568107D1BCFBB2400FED7C9 /* tab_home_white@2x.png */ = {isa = PBXFileReference; lastKnownFileType = image.png; path = "tab_home_white@2x.png"; sourceTree = "<group>"; };
		3568107E1BCFBB2400FED7C9 /* tab_home_white@3x.png */ = {isa = PBXFileReference; lastKnownFileType = image.png; path = "tab_home_white@3x.png"; sourceTree = "<group>"; };
		3568107F1BCFBB2400FED7C9 /* tab_me_gray@2x.png */ = {isa = PBXFileReference; lastKnownFileType = image.png; path = "tab_me_gray@2x.png"; sourceTree = "<group>"; };
		356810801BCFBB2400FED7C9 /* tab_me_gray@3x.png */ = {isa = PBXFileReference; lastKnownFileType = image.png; path = "tab_me_gray@3x.png"; sourceTree = "<group>"; };
		356810811BCFBB2400FED7C9 /* tab_me_white@2x.png */ = {isa = PBXFileReference; lastKnownFileType = image.png; path = "tab_me_white@2x.png"; sourceTree = "<group>"; };
		356810821BCFBB2400FED7C9 /* tab_me_white@3x.png */ = {isa = PBXFileReference; lastKnownFileType = image.png; path = "tab_me_white@3x.png"; sourceTree = "<group>"; };
		356810831BCFBB2400FED7C9 /* tab_o2o_gray@2x.png */ = {isa = PBXFileReference; lastKnownFileType = image.png; path = "tab_o2o_gray@2x.png"; sourceTree = "<group>"; };
		356810841BCFBB2400FED7C9 /* tab_o2o_gray@3x.png */ = {isa = PBXFileReference; lastKnownFileType = image.png; path = "tab_o2o_gray@3x.png"; sourceTree = "<group>"; };
		356810851BCFBB2400FED7C9 /* tab_o2o_white@2x.png */ = {isa = PBXFileReference; lastKnownFileType = image.png; path = "tab_o2o_white@2x.png"; sourceTree = "<group>"; };
		356810861BCFBB2400FED7C9 /* tab_o2o_white@3x.png */ = {isa = PBXFileReference; lastKnownFileType = image.png; path = "tab_o2o_white@3x.png"; sourceTree = "<group>"; };
		356810871BCFBB2400FED7C9 /* tabbar_normal_bg@2x.png */ = {isa = PBXFileReference; lastKnownFileType = image.png; path = "tabbar_normal_bg@2x.png"; sourceTree = "<group>"; };
		356810881BCFBB2400FED7C9 /* tabbar_normal_bg@3x.jpg */ = {isa = PBXFileReference; lastKnownFileType = image.jpeg; path = "tabbar_normal_bg@3x.jpg"; sourceTree = "<group>"; };
		356810891BCFBB2400FED7C9 /* tabbar_selected_bg@2x.png */ = {isa = PBXFileReference; lastKnownFileType = image.png; path = "tabbar_selected_bg@2x.png"; sourceTree = "<group>"; };
		3568108A1BCFBB2400FED7C9 /* tabbar_selected_bg@3x.png */ = {isa = PBXFileReference; lastKnownFileType = image.png; path = "tabbar_selected_bg@3x.png"; sourceTree = "<group>"; };
		35BED8C71BB252C80030D89B /* LYXBaseApp.app */ = {isa = PBXFileReference; explicitFileType = wrapper.application; includeInIndex = 0; path = LYXBaseApp.app; sourceTree = BUILT_PRODUCTS_DIR; };
		35BED8CB1BB252C80030D89B /* main.m */ = {isa = PBXFileReference; lastKnownFileType = sourcecode.c.objc; path = main.m; sourceTree = "<group>"; };
		35BED8CD1BB252C80030D89B /* AppDelegate.h */ = {isa = PBXFileReference; lastKnownFileType = sourcecode.c.h; path = AppDelegate.h; sourceTree = "<group>"; };
		35BED8CE1BB252C80030D89B /* AppDelegate.m */ = {isa = PBXFileReference; lastKnownFileType = sourcecode.c.objc; path = AppDelegate.m; sourceTree = "<group>"; };
		35BED8D01BB252C80030D89B /* ViewController.h */ = {isa = PBXFileReference; lastKnownFileType = sourcecode.c.h; path = ViewController.h; sourceTree = "<group>"; };
		35BED8D11BB252C80030D89B /* ViewController.m */ = {isa = PBXFileReference; lastKnownFileType = sourcecode.c.objc; path = ViewController.m; sourceTree = "<group>"; };
		35BED8D41BB252C80030D89B /* Base */ = {isa = PBXFileReference; lastKnownFileType = file.storyboard; name = Base; path = Base.lproj/Main.storyboard; sourceTree = "<group>"; };
		35BED8D61BB252C80030D89B /* Assets.xcassets */ = {isa = PBXFileReference; lastKnownFileType = folder.assetcatalog; path = Assets.xcassets; sourceTree = "<group>"; };
		35BED8D91BB252C80030D89B /* Base */ = {isa = PBXFileReference; lastKnownFileType = file.storyboard; name = Base; path = Base.lproj/LaunchScreen.storyboard; sourceTree = "<group>"; };
		35BED8DB1BB252C80030D89B /* Info.plist */ = {isa = PBXFileReference; lastKnownFileType = text.plist.xml; path = Info.plist; sourceTree = "<group>"; };
		35BED8E01BB252C90030D89B /* LYXBaseAppTests.xctest */ = {isa = PBXFileReference; explicitFileType = wrapper.cfbundle; includeInIndex = 0; path = LYXBaseAppTests.xctest; sourceTree = BUILT_PRODUCTS_DIR; };
		35BED8E41BB252C90030D89B /* LYXBaseAppTests.m */ = {isa = PBXFileReference; lastKnownFileType = sourcecode.c.objc; path = LYXBaseAppTests.m; sourceTree = "<group>"; };
		35BED8E61BB252C90030D89B /* Info.plist */ = {isa = PBXFileReference; lastKnownFileType = text.plist.xml; path = Info.plist; sourceTree = "<group>"; };
		35BED8EB1BB252C90030D89B /* LYXBaseAppUITests.xctest */ = {isa = PBXFileReference; explicitFileType = wrapper.cfbundle; includeInIndex = 0; path = LYXBaseAppUITests.xctest; sourceTree = BUILT_PRODUCTS_DIR; };
		35BED8EF1BB252C90030D89B /* LYXBaseAppUITests.m */ = {isa = PBXFileReference; lastKnownFileType = sourcecode.c.objc; path = LYXBaseAppUITests.m; sourceTree = "<group>"; };
		35BED8F11BB252C90030D89B /* Info.plist */ = {isa = PBXFileReference; lastKnownFileType = text.plist.xml; path = Info.plist; sourceTree = "<group>"; };
		35BED9441BB38D090030D89B /* Base */ = {isa = PBXFileReference; lastKnownFileType = text.plist.strings; name = Base; path = Base.lproj/InfoPlist.strings; sourceTree = "<group>"; };
		35BED9471BB38D120030D89B /* Base */ = {isa = PBXFileReference; lastKnownFileType = text.plist.strings; name = Base; path = Base.lproj/Localizable.strings; sourceTree = "<group>"; };
		35BED9491BB38D310030D89B /* zh-Hans */ = {isa = PBXFileReference; lastKnownFileType = text.plist.strings; name = "zh-Hans"; path = "zh-Hans.lproj/Main.strings"; sourceTree = "<group>"; };
		35BED94A1BB38D310030D89B /* zh-Hans */ = {isa = PBXFileReference; lastKnownFileType = text.plist.strings; name = "zh-Hans"; path = "zh-Hans.lproj/LaunchScreen.strings"; sourceTree = "<group>"; };
		35BED94B1BB38D310030D89B /* zh-Hans */ = {isa = PBXFileReference; lastKnownFileType = text.plist.strings; name = "zh-Hans"; path = "zh-Hans.lproj/InfoPlist.strings"; sourceTree = "<group>"; };
		35BED94C1BB38D310030D89B /* zh-Hans */ = {isa = PBXFileReference; lastKnownFileType = text.plist.strings; name = "zh-Hans"; path = "zh-Hans.lproj/Localizable.strings"; sourceTree = "<group>"; };
		35BED94E1BB38D620030D89B /* en */ = {isa = PBXFileReference; lastKnownFileType = text.plist.strings; name = en; path = en.lproj/Main.strings; sourceTree = "<group>"; };
		35BED9501BB38D690030D89B /* en */ = {isa = PBXFileReference; lastKnownFileType = text.plist.strings; name = en; path = en.lproj/LaunchScreen.strings; sourceTree = "<group>"; };
		35BED9511BB38D710030D89B /* en */ = {isa = PBXFileReference; lastKnownFileType = text.plist.strings; name = en; path = en.lproj/InfoPlist.strings; sourceTree = "<group>"; };
		35BED9521BB38D740030D89B /* en */ = {isa = PBXFileReference; lastKnownFileType = text.plist.strings; name = en; path = en.lproj/Localizable.strings; sourceTree = "<group>"; };
		51A5A9315246188397DFECFF /* libPods.a */ = {isa = PBXFileReference; explicitFileType = archive.ar; includeInIndex = 0; path = libPods.a; sourceTree = BUILT_PRODUCTS_DIR; };
		650AEF6BED8CEBA9047305AA /* Pods.release.xcconfig */ = {isa = PBXFileReference; includeInIndex = 1; lastKnownFileType = text.xcconfig; name = Pods.release.xcconfig; path = "Pods/Target Support Files/Pods/Pods.release.xcconfig"; sourceTree = "<group>"; };
/* End PBXFileReference section */

/* Begin PBXFrameworksBuildPhase section */
		35BED8C41BB252C80030D89B /* Frameworks */ = {
			isa = PBXFrameworksBuildPhase;
			buildActionMask = 2147483647;
			files = (
				D250878AE353638C20334E5B /* libPods.a in Frameworks */,
			);
			runOnlyForDeploymentPostprocessing = 0;
		};
		35BED8DD1BB252C90030D89B /* Frameworks */ = {
			isa = PBXFrameworksBuildPhase;
			buildActionMask = 2147483647;
			files = (
			);
			runOnlyForDeploymentPostprocessing = 0;
		};
		35BED8E81BB252C90030D89B /* Frameworks */ = {
			isa = PBXFrameworksBuildPhase;
			buildActionMask = 2147483647;
			files = (
			);
			runOnlyForDeploymentPostprocessing = 0;
		};
/* End PBXFrameworksBuildPhase section */

/* Begin PBXGroup section */
		35680FEF1BCE556B00FED7C9 /* Images */ = {
			isa = PBXGroup;
			children = (
				3568105A1BCF8D0E00FED7C9 /* v1.0.0 */,
			);
			path = Images;
			sourceTree = "<group>";
		};
		35680FF01BCE556B00FED7C9 /* Model */ = {
			isa = PBXGroup;
			children = (
				356810641BCF9D9800FED7C9 /* Database */,
			);
			path = Model;
			sourceTree = "<group>";
		};
		35680FF11BCE556B00FED7C9 /* Resource */ = {
			isa = PBXGroup;
			children = (
				35680FFA1BCE55C700FED7C9 /* empty */,
			);
			path = Resource;
			sourceTree = "<group>";
		};
		35680FF21BCE556B00FED7C9 /* Util */ = {
			isa = PBXGroup;
			children = (
				3568106C1BCFA7EC00FED7C9 /* Category */,
				3568100D1BCE664100FED7C9 /* LYXConfig.h */,
				3568100E1BCE666600FED7C9 /* LYXConstant.h */,
				356810351BCF588B00FED7C9 /* LYXRouter.h */,
				356810361BCF588B00FED7C9 /* LYXRouter.m */,
			);
			path = Util;
			sourceTree = "<group>";
		};
		35680FF31BCE556B00FED7C9 /* Vendor */ = {
			isa = PBXGroup;
			children = (
				35680FFE1BCE55DB00FED7C9 /* empty */,
			);
			path = Vendor;
			sourceTree = "<group>";
		};
		35680FF41BCE556B00FED7C9 /* View */ = {
			isa = PBXGroup;
			children = (
				3568104B1BCF885000FED7C9 /* BaseClass */,
				356810A41BD0D9A700FED7C9 /* Index */,
				356810511BCF8B2400FED7C9 /* Home */,
				356810521BCF8B2B00FED7C9 /* Me */,
			);
			path = View;
			sourceTree = "<group>";
		};
		35680FF51BCE556B00FED7C9 /* ViewModel */ = {
			isa = PBXGroup;
			children = (
				356810041BCE5E0B00FED7C9 /* BaseClass */,
				356810A31BD0D95F00FED7C9 /* Index */,
				3568101B1BCF4BEA00FED7C9 /* Home */,
				3568101C1BCF4C0D00FED7C9 /* Me */,
			);
			path = ViewModel;
			sourceTree = "<group>";
		};
		356810041BCE5E0B00FED7C9 /* BaseClass */ = {
			isa = PBXGroup;
			children = (
				356810061BCE5F9200FED7C9 /* LYXNavigationProtocol.h */,
				356810091BCE602400FED7C9 /* LYXViewModelProtocol.h */,
				3568100F1BCF3AA700FED7C9 /* LYXViewModelServices.h */,
				356810121BCF3B7400FED7C9 /* LYXViewModelServicesImpl.h */,
				356810131BCF3B7400FED7C9 /* LYXViewModelServicesImpl.m */,
				356810151BCF3D4600FED7C9 /* LYXViewModel.h */,
				356810161BCF3D4600FED7C9 /* LYXViewModel.m */,
				356810181BCF46B100FED7C9 /* LYXTabBarViewModel.h */,
				356810191BCF46B100FED7C9 /* LYXTabBarViewModel.m */,
				356810201BCF4F2F00FED7C9 /* LYXTableViewModel.h */,
				356810211BCF4F2F00FED7C9 /* LYXTableViewModel.m */,
				356810231BCF507A00FED7C9 /* LYXSegmentedControlViewModel.h */,
				356810241BCF507A00FED7C9 /* LYXSegmentedControlViewModel.m */,
				356810261BCF510C00FED7C9 /* LYXWebViewModel.h */,
				356810271BCF510C00FED7C9 /* LYXWebViewModel.m */,
			);
			name = BaseClass;
			sourceTree = "<group>";
		};
		3568101B1BCF4BEA00FED7C9 /* Home */ = {
			isa = PBXGroup;
			children = (
				356810291BCF527000FED7C9 /* LYXHomeViewModel.h */,
				3568102A1BCF527000FED7C9 /* LYXHomeViewModel.m */,
			);
			name = Home;
			sourceTree = "<group>";
		};
		3568101C1BCF4C0D00FED7C9 /* Me */ = {
			isa = PBXGroup;
			children = (
				3568102C1BCF544A00FED7C9 /* LYXMeViewModel.h */,
				3568102D1BCF544A00FED7C9 /* LYXMeViewModel.m */,
			);
			name = Me;
			sourceTree = "<group>";
		};
		3568104B1BCF885000FED7C9 /* BaseClass */ = {
			isa = PBXGroup;
			children = (
				3568102F1BCF56A800FED7C9 /* LYXViewProtocol.h */,
				356810321BCF57B700FED7C9 /* LYXNavigationControllerStack.h */,
				356810331BCF57B700FED7C9 /* LYXNavigationControllerStack.m */,
				356810381BCF5A0700FED7C9 /* LYXNavigationController.h */,
				356810391BCF5A0700FED7C9 /* LYXNavigationController.m */,
				3568103B1BCF754D00FED7C9 /* LYXTabBarController.h */,
				3568103C1BCF754D00FED7C9 /* LYXTabBarController.m */,
				3568103E1BCF76FA00FED7C9 /* LYXViewController.h */,
				3568103F1BCF76FA00FED7C9 /* LYXViewController.m */,
				356810411BCF796A00FED7C9 /* LYXTableViewController.h */,
				356810421BCF796A00FED7C9 /* LYXTableViewController.m */,
				356810441BCF83E300FED7C9 /* LYXSegmentedControlController.h */,
				356810451BCF83E300FED7C9 /* LYXSegmentedControlController.m */,
				3568104E1BCF88F800FED7C9 /* LYXWebViewController.h */,
				3568104F1BCF88F800FED7C9 /* LYXWebViewController.m */,
				356810471BCF863900FED7C9 /* UINavigationItem+LYXBackBarButtonItem.h */,
				356810481BCF863900FED7C9 /* UINavigationItem+LYXBackBarButtonItem.m */,
			);
			name = BaseClass;
			sourceTree = "<group>";
		};
		356810511BCF8B2400FED7C9 /* Home */ = {
			isa = PBXGroup;
			children = (
				3568105B1BCF8D8400FED7C9 /* LYXHomeViewController.h */,
				3568105C1BCF8D8400FED7C9 /* LYXHomeViewController.m */,
			);
			name = Home;
			sourceTree = "<group>";
		};
		356810521BCF8B2B00FED7C9 /* Me */ = {
			isa = PBXGroup;
			children = (
				3568105E1BCF8E1200FED7C9 /* LYXMeViewController.h */,
				3568105F1BCF8E1200FED7C9 /* LYXMeViewController.m */,
			);
			name = Me;
			sourceTree = "<group>";
		};
		3568105A1BCF8D0E00FED7C9 /* v1.0.0 */ = {
			isa = PBXGroup;
			children = (
				356810731BCFBB2400FED7C9 /* tab_cart_gray@2x.png */,
				356810741BCFBB2400FED7C9 /* tab_cart_gray@3x.png */,
				356810751BCFBB2400FED7C9 /* tab_cart_white@2x.png */,
				356810761BCFBB2400FED7C9 /* tab_cart_white@3x.png */,
				356810771BCFBB2400FED7C9 /* tab_category_gray@2x.png */,
				356810781BCFBB2400FED7C9 /* tab_category_gray@3x.png */,
				356810791BCFBB2400FED7C9 /* tab_category_white@2x.png */,
				3568107A1BCFBB2400FED7C9 /* tab_category_white@3x.png */,
				3568107B1BCFBB2400FED7C9 /* tab_home_gray@2x.png */,
				3568107C1BCFBB2400FED7C9 /* tab_home_gray@3x.png */,
				3568107D1BCFBB2400FED7C9 /* tab_home_white@2x.png */,
				3568107E1BCFBB2400FED7C9 /* tab_home_white@3x.png */,
				3568107F1BCFBB2400FED7C9 /* tab_me_gray@2x.png */,
				356810801BCFBB2400FED7C9 /* tab_me_gray@3x.png */,
				356810811BCFBB2400FED7C9 /* tab_me_white@2x.png */,
				356810821BCFBB2400FED7C9 /* tab_me_white@3x.png */,
				356810831BCFBB2400FED7C9 /* tab_o2o_gray@2x.png */,
				356810841BCFBB2400FED7C9 /* tab_o2o_gray@3x.png */,
				356810851BCFBB2400FED7C9 /* tab_o2o_white@2x.png */,
				356810861BCFBB2400FED7C9 /* tab_o2o_white@3x.png */,
				356810871BCFBB2400FED7C9 /* tabbar_normal_bg@2x.png */,
				356810881BCFBB2400FED7C9 /* tabbar_normal_bg@3x.jpg */,
				356810891BCFBB2400FED7C9 /* tabbar_selected_bg@2x.png */,
				3568108A1BCFBB2400FED7C9 /* tabbar_selected_bg@3x.png */,
			);
			name = v1.0.0;
			sourceTree = "<group>";
		};
		356810641BCF9D9800FED7C9 /* Database */ = {
			isa = PBXGroup;
			children = (
				356810671BCF9E1200FED7C9 /* update_v1_0_0.sql */,
				356810691BCF9E6F00FED7C9 /* FMDatabaseQueue+LYXHelper.h */,
				3568106A1BCF9E6F00FED7C9 /* FMDatabaseQueue+LYXHelper.m */,
			);
			name = Database;
			sourceTree = "<group>";
		};
		3568106C1BCFA7EC00FED7C9 /* Category */ = {
			isa = PBXGroup;
			children = (
				3568106D1BCFA82600FED7C9 /* UIImage+ImageEffects.h */,
				3568106E1BCFA82600FED7C9 /* UIImage+ImageEffects.m */,
				3568106F1BCFA82600FED7C9 /* UIImage+RTTint.h */,
				356810701BCFA82600FED7C9 /* UIImage+RTTint.m */,
			);
			name = Category;
			sourceTree = "<group>";
		};
		356810A31BD0D95F00FED7C9 /* Index */ = {
			isa = PBXGroup;
			children = (
				3568101D1BCF4D7E00FED7C9 /* LYXMainViewModel.h */,
				3568101E1BCF4D7E00FED7C9 /* LYXMainViewModel.m */,
			);
			name = Index;
			sourceTree = "<group>";
		};
		356810A41BD0D9A700FED7C9 /* Index */ = {
			isa = PBXGroup;
			children = (
				356810611BCF945900FED7C9 /* LYXMainViewController.h */,
				356810621BCF945900FED7C9 /* LYXMainViewController.m */,
			);
			name = Index;
			sourceTree = "<group>";
		};
		35BED8BE1BB252C80030D89B = {
			isa = PBXGroup;
			children = (
				35BED8C91BB252C80030D89B /* LYXBaseApp */,
				35BED8E31BB252C90030D89B /* LYXBaseAppTests */,
				35BED8EE1BB252C90030D89B /* LYXBaseAppUITests */,
				35BED8C81BB252C80030D89B /* Products */,
				80D7E3CD28280882A79A0FF3 /* Pods */,
				BCE6F7C29CF565382435341D /* Frameworks */,
			);
			sourceTree = "<group>";
		};
		35BED8C81BB252C80030D89B /* Products */ = {
			isa = PBXGroup;
			children = (
				35BED8C71BB252C80030D89B /* LYXBaseApp.app */,
				35BED8E01BB252C90030D89B /* LYXBaseAppTests.xctest */,
				35BED8EB1BB252C90030D89B /* LYXBaseAppUITests.xctest */,
			);
			name = Products;
			sourceTree = "<group>";
		};
		35BED8C91BB252C80030D89B /* LYXBaseApp */ = {
			isa = PBXGroup;
			children = (
				35680FEF1BCE556B00FED7C9 /* Images */,
				35680FF11BCE556B00FED7C9 /* Resource */,
				35680FF01BCE556B00FED7C9 /* Model */,
				35680FF51BCE556B00FED7C9 /* ViewModel */,
				35680FF41BCE556B00FED7C9 /* View */,
				35680FF21BCE556B00FED7C9 /* Util */,
				35680FF31BCE556B00FED7C9 /* Vendor */,
				35BED8CD1BB252C80030D89B /* AppDelegate.h */,
				35BED8CE1BB252C80030D89B /* AppDelegate.m */,
				35BED8D01BB252C80030D89B /* ViewController.h */,
				35BED8D11BB252C80030D89B /* ViewController.m */,
				35BED8D31BB252C80030D89B /* Main.storyboard */,
				35BED8D61BB252C80030D89B /* Assets.xcassets */,
				35BED8D81BB252C80030D89B /* LaunchScreen.storyboard */,
				35BED8DB1BB252C80030D89B /* Info.plist */,
				35BED9451BB38D090030D89B /* InfoPlist.strings */,
				35BED9481BB38D120030D89B /* Localizable.strings */,
				35BED8CA1BB252C80030D89B /* Supporting Files */,
			);
			path = LYXBaseApp;
			sourceTree = "<group>";
		};
		35BED8CA1BB252C80030D89B /* Supporting Files */ = {
			isa = PBXGroup;
			children = (
				35BED8CB1BB252C80030D89B /* main.m */,
				3568100C1BCE642200FED7C9 /* LYXBaseApp-Prefix.pch */,
			);
			name = "Supporting Files";
			sourceTree = "<group>";
		};
		35BED8E31BB252C90030D89B /* LYXBaseAppTests */ = {
			isa = PBXGroup;
			children = (
				35BED8E41BB252C90030D89B /* LYXBaseAppTests.m */,
				35BED8E61BB252C90030D89B /* Info.plist */,
			);
			path = LYXBaseAppTests;
			sourceTree = "<group>";
		};
		35BED8EE1BB252C90030D89B /* LYXBaseAppUITests */ = {
			isa = PBXGroup;
			children = (
				35BED8EF1BB252C90030D89B /* LYXBaseAppUITests.m */,
				35BED8F11BB252C90030D89B /* Info.plist */,
			);
			path = LYXBaseAppUITests;
			sourceTree = "<group>";
		};
		80D7E3CD28280882A79A0FF3 /* Pods */ = {
			isa = PBXGroup;
			children = (
				00D1C4A9652EFA6D87FE0D82 /* Pods.debug.xcconfig */,
				650AEF6BED8CEBA9047305AA /* Pods.release.xcconfig */,
			);
			name = Pods;
			sourceTree = "<group>";
		};
		BCE6F7C29CF565382435341D /* Frameworks */ = {
			isa = PBXGroup;
			children = (
				51A5A9315246188397DFECFF /* libPods.a */,
			);
			name = Frameworks;
			sourceTree = "<group>";
		};
/* End PBXGroup section */

/* Begin PBXNativeTarget section */
		35BED8C61BB252C80030D89B /* LYXBaseApp */ = {
			isa = PBXNativeTarget;
			buildConfigurationList = 35BED8F41BB252C90030D89B /* Build configuration list for PBXNativeTarget "LYXBaseApp" */;
			buildPhases = (
				92EB9C8E07439A084C4C12DC /* Check Pods Manifest.lock */,
				35BED8C31BB252C80030D89B /* Sources */,
				35BED8C41BB252C80030D89B /* Frameworks */,
				35BED8C51BB252C80030D89B /* Resources */,
				163B336DA1E2167A6D5D20C6 /* Copy Pods Resources */,
				EDB5BA712ADC8CDD1DFDB648 /* Embed Pods Frameworks */,
			);
			buildRules = (
			);
			dependencies = (
			);
			name = LYXBaseApp;
			productName = LYXBaseApp;
			productReference = 35BED8C71BB252C80030D89B /* LYXBaseApp.app */;
			productType = "com.apple.product-type.application";
		};
		35BED8DF1BB252C90030D89B /* LYXBaseAppTests */ = {
			isa = PBXNativeTarget;
			buildConfigurationList = 35BED8F71BB252C90030D89B /* Build configuration list for PBXNativeTarget "LYXBaseAppTests" */;
			buildPhases = (
				35BED8DC1BB252C90030D89B /* Sources */,
				35BED8DD1BB252C90030D89B /* Frameworks */,
				35BED8DE1BB252C90030D89B /* Resources */,
			);
			buildRules = (
			);
			dependencies = (
				35BED8E21BB252C90030D89B /* PBXTargetDependency */,
			);
			name = LYXBaseAppTests;
			productName = LYXBaseAppTests;
			productReference = 35BED8E01BB252C90030D89B /* LYXBaseAppTests.xctest */;
			productType = "com.apple.product-type.bundle.unit-test";
		};
		35BED8EA1BB252C90030D89B /* LYXBaseAppUITests */ = {
			isa = PBXNativeTarget;
			buildConfigurationList = 35BED8FA1BB252C90030D89B /* Build configuration list for PBXNativeTarget "LYXBaseAppUITests" */;
			buildPhases = (
				35BED8E71BB252C90030D89B /* Sources */,
				35BED8E81BB252C90030D89B /* Frameworks */,
				35BED8E91BB252C90030D89B /* Resources */,
			);
			buildRules = (
			);
			dependencies = (
				35BED8ED1BB252C90030D89B /* PBXTargetDependency */,
			);
			name = LYXBaseAppUITests;
			productName = LYXBaseAppUITests;
			productReference = 35BED8EB1BB252C90030D89B /* LYXBaseAppUITests.xctest */;
			productType = "com.apple.product-type.bundle.ui-testing";
		};
/* End PBXNativeTarget section */

/* Begin PBXProject section */
		35BED8BF1BB252C80030D89B /* Project object */ = {
			isa = PBXProject;
			attributes = {
				LastUpgradeCheck = 0700;
				ORGANIZATIONNAME = LYX;
				TargetAttributes = {
					35BED8C61BB252C80030D89B = {
						CreatedOnToolsVersion = 7.0;
					};
					35BED8DF1BB252C90030D89B = {
						CreatedOnToolsVersion = 7.0;
						TestTargetID = 35BED8C61BB252C80030D89B;
					};
					35BED8EA1BB252C90030D89B = {
						CreatedOnToolsVersion = 7.0;
						TestTargetID = 35BED8C61BB252C80030D89B;
					};
				};
			};
			buildConfigurationList = 35BED8C21BB252C80030D89B /* Build configuration list for PBXProject "LYXBaseApp" */;
			compatibilityVersion = "Xcode 3.2";
			developmentRegion = English;
			hasScannedForEncodings = 0;
			knownRegions = (
				en,
				Base,
				"zh-Hans",
			);
			mainGroup = 35BED8BE1BB252C80030D89B;
			productRefGroup = 35BED8C81BB252C80030D89B /* Products */;
			projectDirPath = "";
			projectRoot = "";
			targets = (
				35BED8C61BB252C80030D89B /* LYXBaseApp */,
				35BED8DF1BB252C90030D89B /* LYXBaseAppTests */,
				35BED8EA1BB252C90030D89B /* LYXBaseAppUITests */,
			);
		};
/* End PBXProject section */

/* Begin PBXResourcesBuildPhase section */
		35BED8C51BB252C80030D89B /* Resources */ = {
			isa = PBXResourcesBuildPhase;
			buildActionMask = 2147483647;
			files = (
				3568108C1BCFBB2400FED7C9 /* tab_cart_gray@3x.png in Resources */,
				3568108E1BCFBB2400FED7C9 /* tab_cart_white@3x.png in Resources */,
				356810991BCFBB2400FED7C9 /* tab_me_white@2x.png in Resources */,
				3568108B1BCFBB2400FED7C9 /* tab_cart_gray@2x.png in Resources */,
				3568108F1BCFBB2400FED7C9 /* tab_category_gray@2x.png in Resources */,
				356810931BCFBB2400FED7C9 /* tab_home_gray@2x.png in Resources */,
				35BED9461BB38D120030D89B /* Localizable.strings in Resources */,
				356810901BCFBB2400FED7C9 /* tab_category_gray@3x.png in Resources */,
				356810971BCFBB2400FED7C9 /* tab_me_gray@2x.png in Resources */,
				356810961BCFBB2400FED7C9 /* tab_home_white@3x.png in Resources */,
				356810951BCFBB2400FED7C9 /* tab_home_white@2x.png in Resources */,
				35680FFF1BCE55DB00FED7C9 /* empty in Resources */,
				356810A01BCFBB2400FED7C9 /* tabbar_normal_bg@3x.jpg in Resources */,
				356810981BCFBB2400FED7C9 /* tab_me_gray@3x.png in Resources */,
				3568109D1BCFBB2400FED7C9 /* tab_o2o_white@2x.png in Resources */,
				3568108D1BCFBB2400FED7C9 /* tab_cart_white@2x.png in Resources */,
				356810A21BCFBB2400FED7C9 /* tabbar_selected_bg@3x.png in Resources */,
				3568109A1BCFBB2400FED7C9 /* tab_me_white@3x.png in Resources */,
				356810921BCFBB2400FED7C9 /* tab_category_white@3x.png in Resources */,
				3568109C1BCFBB2400FED7C9 /* tab_o2o_gray@3x.png in Resources */,
				35BED8DA1BB252C80030D89B /* LaunchScreen.storyboard in Resources */,
				356810681BCF9E1200FED7C9 /* update_v1_0_0.sql in Resources */,
				35680FFB1BCE55C700FED7C9 /* empty in Resources */,
				3568109E1BCFBB2400FED7C9 /* tab_o2o_white@3x.png in Resources */,
				35BED9431BB38D090030D89B /* InfoPlist.strings in Resources */,
				35BED8D71BB252C80030D89B /* Assets.xcassets in Resources */,
				356810941BCFBB2400FED7C9 /* tab_home_gray@3x.png in Resources */,
				3568109F1BCFBB2400FED7C9 /* tabbar_normal_bg@2x.png in Resources */,
				35BED8D51BB252C80030D89B /* Main.storyboard in Resources */,
				3568109B1BCFBB2400FED7C9 /* tab_o2o_gray@2x.png in Resources */,
				356810911BCFBB2400FED7C9 /* tab_category_white@2x.png in Resources */,
				356810A11BCFBB2400FED7C9 /* tabbar_selected_bg@2x.png in Resources */,
			);
			runOnlyForDeploymentPostprocessing = 0;
		};
		35BED8DE1BB252C90030D89B /* Resources */ = {
			isa = PBXResourcesBuildPhase;
			buildActionMask = 2147483647;
			files = (
			);
			runOnlyForDeploymentPostprocessing = 0;
		};
		35BED8E91BB252C90030D89B /* Resources */ = {
			isa = PBXResourcesBuildPhase;
			buildActionMask = 2147483647;
			files = (
			);
			runOnlyForDeploymentPostprocessing = 0;
		};
/* End PBXResourcesBuildPhase section */

/* Begin PBXShellScriptBuildPhase section */
		163B336DA1E2167A6D5D20C6 /* Copy Pods Resources */ = {
			isa = PBXShellScriptBuildPhase;
			buildActionMask = 2147483647;
			files = (
			);
			inputPaths = (
			);
			name = "Copy Pods Resources";
			outputPaths = (
			);
			runOnlyForDeploymentPostprocessing = 0;
			shellPath = /bin/sh;
			shellScript = "\"${SRCROOT}/Pods/Target Support Files/Pods/Pods-resources.sh\"\n";
			showEnvVarsInLog = 0;
		};
		92EB9C8E07439A084C4C12DC /* Check Pods Manifest.lock */ = {
			isa = PBXShellScriptBuildPhase;
			buildActionMask = 2147483647;
			files = (
			);
			inputPaths = (
			);
			name = "Check Pods Manifest.lock";
			outputPaths = (
			);
			runOnlyForDeploymentPostprocessing = 0;
			shellPath = /bin/sh;
			shellScript = "diff \"${PODS_ROOT}/../Podfile.lock\" \"${PODS_ROOT}/Manifest.lock\" > /dev/null\nif [[ $? != 0 ]] ; then\n    cat << EOM\nerror: The sandbox is not in sync with the Podfile.lock. Run 'pod install' or update your CocoaPods installation.\nEOM\n    exit 1\nfi\n";
			showEnvVarsInLog = 0;
		};
		EDB5BA712ADC8CDD1DFDB648 /* Embed Pods Frameworks */ = {
			isa = PBXShellScriptBuildPhase;
			buildActionMask = 2147483647;
			files = (
			);
			inputPaths = (
			);
			name = "Embed Pods Frameworks";
			outputPaths = (
			);
			runOnlyForDeploymentPostprocessing = 0;
			shellPath = /bin/sh;
			shellScript = "\"${SRCROOT}/Pods/Target Support Files/Pods/Pods-frameworks.sh\"\n";
			showEnvVarsInLog = 0;
		};
/* End PBXShellScriptBuildPhase section */

/* Begin PBXSourcesBuildPhase section */
		35BED8C31BB252C80030D89B /* Sources */ = {
			isa = PBXSourcesBuildPhase;
			buildActionMask = 2147483647;
			files = (
				356810341BCF57B700FED7C9 /* LYXNavigationControllerStack.m in Sources */,
				356810431BCF796A00FED7C9 /* LYXTableViewController.m in Sources */,
				356810141BCF3B7400FED7C9 /* LYXViewModelServicesImpl.m in Sources */,
				3568101F1BCF4D7E00FED7C9 /* LYXMainViewModel.m in Sources */,
				3568102E1BCF544A00FED7C9 /* LYXMeViewModel.m in Sources */,
				356810711BCFA82600FED7C9 /* UIImage+ImageEffects.m in Sources */,
				356810371BCF588B00FED7C9 /* LYXRouter.m in Sources */,
				356810601BCF8E1200FED7C9 /* LYXMeViewController.m in Sources */,
				356810461BCF83E300FED7C9 /* LYXSegmentedControlController.m in Sources */,
				356810631BCF945900FED7C9 /* LYXMainViewController.m in Sources */,
				356810171BCF3D4600FED7C9 /* LYXViewModel.m in Sources */,
				356810491BCF863900FED7C9 /* UINavigationItem+LYXBackBarButtonItem.m in Sources */,
				356810251BCF507A00FED7C9 /* LYXSegmentedControlViewModel.m in Sources */,
				3568101A1BCF46B100FED7C9 /* LYXTabBarViewModel.m in Sources */,
				35BED8D21BB252C80030D89B /* ViewController.m in Sources */,
				35BED8CF1BB252C80030D89B /* AppDelegate.m in Sources */,
				356810281BCF510C00FED7C9 /* LYXWebViewModel.m in Sources */,
				356810501BCF88F800FED7C9 /* LYXWebViewController.m in Sources */,
				3568102B1BCF527000FED7C9 /* LYXHomeViewModel.m in Sources */,
				356810721BCFA82600FED7C9 /* UIImage+RTTint.m in Sources */,
				3568105D1BCF8D8400FED7C9 /* LYXHomeViewController.m in Sources */,
				35BED8CC1BB252C80030D89B /* main.m in Sources */,
				3568103D1BCF754D00FED7C9 /* LYXTabBarController.m in Sources */,
				3568103A1BCF5A0700FED7C9 /* LYXNavigationController.m in Sources */,
				356810221BCF4F2F00FED7C9 /* LYXTableViewModel.m in Sources */,
				356810401BCF76FA00FED7C9 /* LYXViewController.m in Sources */,
				3568106B1BCF9E6F00FED7C9 /* FMDatabaseQueue+LYXHelper.m in Sources */,
			);
			runOnlyForDeploymentPostprocessing = 0;
		};
		35BED8DC1BB252C90030D89B /* Sources */ = {
			isa = PBXSourcesBuildPhase;
			buildActionMask = 2147483647;
			files = (
				35BED8E51BB252C90030D89B /* LYXBaseAppTests.m in Sources */,
			);
			runOnlyForDeploymentPostprocessing = 0;
		};
		35BED8E71BB252C90030D89B /* Sources */ = {
			isa = PBXSourcesBuildPhase;
			buildActionMask = 2147483647;
			files = (
				35BED8F01BB252C90030D89B /* LYXBaseAppUITests.m in Sources */,
			);
			runOnlyForDeploymentPostprocessing = 0;
		};
/* End PBXSourcesBuildPhase section */

/* Begin PBXTargetDependency section */
		35BED8E21BB252C90030D89B /* PBXTargetDependency */ = {
			isa = PBXTargetDependency;
			target = 35BED8C61BB252C80030D89B /* LYXBaseApp */;
			targetProxy = 35BED8E11BB252C90030D89B /* PBXContainerItemProxy */;
		};
		35BED8ED1BB252C90030D89B /* PBXTargetDependency */ = {
			isa = PBXTargetDependency;
			target = 35BED8C61BB252C80030D89B /* LYXBaseApp */;
			targetProxy = 35BED8EC1BB252C90030D89B /* PBXContainerItemProxy */;
		};
/* End PBXTargetDependency section */

/* Begin PBXVariantGroup section */
		35BED8D31BB252C80030D89B /* Main.storyboard */ = {
			isa = PBXVariantGroup;
			children = (
				35BED8D41BB252C80030D89B /* Base */,
				35BED9491BB38D310030D89B /* zh-Hans */,
				35BED94E1BB38D620030D89B /* en */,
			);
			name = Main.storyboard;
			sourceTree = "<group>";
		};
		35BED8D81BB252C80030D89B /* LaunchScreen.storyboard */ = {
			isa = PBXVariantGroup;
			children = (
				35BED8D91BB252C80030D89B /* Base */,
				35BED94A1BB38D310030D89B /* zh-Hans */,
				35BED9501BB38D690030D89B /* en */,
			);
			name = LaunchScreen.storyboard;
			sourceTree = "<group>";
		};
		35BED9451BB38D090030D89B /* InfoPlist.strings */ = {
			isa = PBXVariantGroup;
			children = (
				35BED9441BB38D090030D89B /* Base */,
				35BED94B1BB38D310030D89B /* zh-Hans */,
				35BED9511BB38D710030D89B /* en */,
			);
			name = InfoPlist.strings;
			sourceTree = "<group>";
		};
		35BED9481BB38D120030D89B /* Localizable.strings */ = {
			isa = PBXVariantGroup;
			children = (
				35BED9471BB38D120030D89B /* Base */,
				35BED94C1BB38D310030D89B /* zh-Hans */,
				35BED9521BB38D740030D89B /* en */,
			);
			name = Localizable.strings;
			sourceTree = "<group>";
		};
/* End PBXVariantGroup section */

/* Begin XCBuildConfiguration section */
		35BED8F21BB252C90030D89B /* Debug */ = {
			isa = XCBuildConfiguration;
			buildSettings = {
				ALWAYS_SEARCH_USER_PATHS = NO;
				CLANG_CXX_LANGUAGE_STANDARD = "gnu++0x";
				CLANG_CXX_LIBRARY = "libc++";
				CLANG_ENABLE_MODULES = YES;
				CLANG_ENABLE_OBJC_ARC = YES;
				CLANG_WARN_BOOL_CONVERSION = YES;
				CLANG_WARN_CONSTANT_CONVERSION = YES;
				CLANG_WARN_DIRECT_OBJC_ISA_USAGE = YES_ERROR;
				CLANG_WARN_EMPTY_BODY = YES;
				CLANG_WARN_ENUM_CONVERSION = YES;
				CLANG_WARN_INT_CONVERSION = YES;
				CLANG_WARN_OBJC_ROOT_CLASS = YES_ERROR;
				CLANG_WARN_UNREACHABLE_CODE = YES;
				CLANG_WARN__DUPLICATE_METHOD_MATCH = YES;
				"CODE_SIGN_IDENTITY[sdk=iphoneos*]" = "iPhone Developer";
				COPY_PHASE_STRIP = NO;
				DEBUG_INFORMATION_FORMAT = dwarf;
				ENABLE_STRICT_OBJC_MSGSEND = YES;
				ENABLE_TESTABILITY = YES;
				GCC_C_LANGUAGE_STANDARD = gnu99;
				GCC_DYNAMIC_NO_PIC = NO;
				GCC_NO_COMMON_BLOCKS = YES;
				GCC_OPTIMIZATION_LEVEL = 0;
				GCC_PREPROCESSOR_DEFINITIONS = (
					"DEBUG=1",
					"$(inherited)",
				);
				GCC_WARN_64_TO_32_BIT_CONVERSION = YES;
				GCC_WARN_ABOUT_RETURN_TYPE = YES_ERROR;
				GCC_WARN_UNDECLARED_SELECTOR = YES;
				GCC_WARN_UNINITIALIZED_AUTOS = YES_AGGRESSIVE;
				GCC_WARN_UNUSED_FUNCTION = YES;
				GCC_WARN_UNUSED_VARIABLE = YES;
				IPHONEOS_DEPLOYMENT_TARGET = 9.0;
				MTL_ENABLE_DEBUG_INFO = YES;
				ONLY_ACTIVE_ARCH = YES;
				SDKROOT = iphoneos;
				TARGETED_DEVICE_FAMILY = "1,2";
			};
			name = Debug;
		};
		35BED8F31BB252C90030D89B /* Release */ = {
			isa = XCBuildConfiguration;
			buildSettings = {
				ALWAYS_SEARCH_USER_PATHS = NO;
				CLANG_CXX_LANGUAGE_STANDARD = "gnu++0x";
				CLANG_CXX_LIBRARY = "libc++";
				CLANG_ENABLE_MODULES = YES;
				CLANG_ENABLE_OBJC_ARC = YES;
				CLANG_WARN_BOOL_CONVERSION = YES;
				CLANG_WARN_CONSTANT_CONVERSION = YES;
				CLANG_WARN_DIRECT_OBJC_ISA_USAGE = YES_ERROR;
				CLANG_WARN_EMPTY_BODY = YES;
				CLANG_WARN_ENUM_CONVERSION = YES;
				CLANG_WARN_INT_CONVERSION = YES;
				CLANG_WARN_OBJC_ROOT_CLASS = YES_ERROR;
				CLANG_WARN_UNREACHABLE_CODE = YES;
				CLANG_WARN__DUPLICATE_METHOD_MATCH = YES;
				"CODE_SIGN_IDENTITY[sdk=iphoneos*]" = "iPhone Developer";
				COPY_PHASE_STRIP = NO;
				DEBUG_INFORMATION_FORMAT = "dwarf-with-dsym";
				ENABLE_NS_ASSERTIONS = NO;
				ENABLE_STRICT_OBJC_MSGSEND = YES;
				GCC_C_LANGUAGE_STANDARD = gnu99;
				GCC_NO_COMMON_BLOCKS = YES;
				GCC_WARN_64_TO_32_BIT_CONVERSION = YES;
				GCC_WARN_ABOUT_RETURN_TYPE = YES_ERROR;
				GCC_WARN_UNDECLARED_SELECTOR = YES;
				GCC_WARN_UNINITIALIZED_AUTOS = YES_AGGRESSIVE;
				GCC_WARN_UNUSED_FUNCTION = YES;
				GCC_WARN_UNUSED_VARIABLE = YES;
				IPHONEOS_DEPLOYMENT_TARGET = 9.0;
				MTL_ENABLE_DEBUG_INFO = NO;
				SDKROOT = iphoneos;
				TARGETED_DEVICE_FAMILY = "1,2";
				VALIDATE_PRODUCT = YES;
			};
			name = Release;
		};
		35BED8F51BB252C90030D89B /* Debug */ = {
			isa = XCBuildConfiguration;
			baseConfigurationReference = 00D1C4A9652EFA6D87FE0D82 /* Pods.debug.xcconfig */;
			buildSettings = {
				ASSETCATALOG_COMPILER_APPICON_NAME = AppIcon;
				GCC_PRECOMPILE_PREFIX_HEADER = YES;
				GCC_PREFIX_HEADER = "$(SRCROOT)/LYXBaseApp/LYXBaseApp-Prefix.pch";
				INFOPLIST_FILE = LYXBaseApp/Info.plist;
				LD_RUNPATH_SEARCH_PATHS = "$(inherited) @executable_path/Frameworks";
				PRODUCT_BUNDLE_IDENTIFIER = com.lyx.LYXBaseApp;
				PRODUCT_NAME = "$(TARGET_NAME)";
			};
			name = Debug;
		};
		35BED8F61BB252C90030D89B /* Release */ = {
			isa = XCBuildConfiguration;
			baseConfigurationReference = 650AEF6BED8CEBA9047305AA /* Pods.release.xcconfig */;
			buildSettings = {
				ASSETCATALOG_COMPILER_APPICON_NAME = AppIcon;
				GCC_PRECOMPILE_PREFIX_HEADER = YES;
				GCC_PREFIX_HEADER = "$(SRCROOT)/LYXBaseApp/LYXBaseApp-Prefix.pch";
				INFOPLIST_FILE = LYXBaseApp/Info.plist;
				LD_RUNPATH_SEARCH_PATHS = "$(inherited) @executable_path/Frameworks";
				PRODUCT_BUNDLE_IDENTIFIER = com.lyx.LYXBaseApp;
				PRODUCT_NAME = "$(TARGET_NAME)";
			};
			name = Release;
		};
		35BED8F81BB252C90030D89B /* Debug */ = {
			isa = XCBuildConfiguration;
			buildSettings = {
				BUNDLE_LOADER = "$(TEST_HOST)";
				INFOPLIST_FILE = LYXBaseAppTests/Info.plist;
				LD_RUNPATH_SEARCH_PATHS = "$(inherited) @executable_path/Frameworks @loader_path/Frameworks";
				PRODUCT_BUNDLE_IDENTIFIER = com.lyx.LYXBaseAppTests;
				PRODUCT_NAME = "$(TARGET_NAME)";
				TEST_HOST = "$(BUILT_PRODUCTS_DIR)/LYXBaseApp.app/LYXBaseApp";
			};
			name = Debug;
		};
		35BED8F91BB252C90030D89B /* Release */ = {
			isa = XCBuildConfiguration;
			buildSettings = {
				BUNDLE_LOADER = "$(TEST_HOST)";
				INFOPLIST_FILE = LYXBaseAppTests/Info.plist;
				LD_RUNPATH_SEARCH_PATHS = "$(inherited) @executable_path/Frameworks @loader_path/Frameworks";
				PRODUCT_BUNDLE_IDENTIFIER = com.lyx.LYXBaseAppTests;
				PRODUCT_NAME = "$(TARGET_NAME)";
				TEST_HOST = "$(BUILT_PRODUCTS_DIR)/LYXBaseApp.app/LYXBaseApp";
			};
			name = Release;
		};
		35BED8FB1BB252C90030D89B /* Debug */ = {
			isa = XCBuildConfiguration;
			buildSettings = {
				INFOPLIST_FILE = LYXBaseAppUITests/Info.plist;
				LD_RUNPATH_SEARCH_PATHS = "$(inherited) @executable_path/Frameworks @loader_path/Frameworks";
				PRODUCT_BUNDLE_IDENTIFIER = com.lyx.LYXBaseAppUITests;
				PRODUCT_NAME = "$(TARGET_NAME)";
				TEST_TARGET_NAME = LYXBaseApp;
				USES_XCTRUNNER = YES;
			};
			name = Debug;
		};
		35BED8FC1BB252C90030D89B /* Release */ = {
			isa = XCBuildConfiguration;
			buildSettings = {
				INFOPLIST_FILE = LYXBaseAppUITests/Info.plist;
				LD_RUNPATH_SEARCH_PATHS = "$(inherited) @executable_path/Frameworks @loader_path/Frameworks";
				PRODUCT_BUNDLE_IDENTIFIER = com.lyx.LYXBaseAppUITests;
				PRODUCT_NAME = "$(TARGET_NAME)";
				TEST_TARGET_NAME = LYXBaseApp;
				USES_XCTRUNNER = YES;
			};
			name = Release;
		};
/* End XCBuildConfiguration section */

/* Begin XCConfigurationList section */
		35BED8C21BB252C80030D89B /* Build configuration list for PBXProject "LYXBaseApp" */ = {
			isa = XCConfigurationList;
			buildConfigurations = (
				35BED8F21BB252C90030D89B /* Debug */,
				35BED8F31BB252C90030D89B /* Release */,
			);
			defaultConfigurationIsVisible = 0;
			defaultConfigurationName = Release;
		};
		35BED8F41BB252C90030D89B /* Build configuration list for PBXNativeTarget "LYXBaseApp" */ = {
			isa = XCConfigurationList;
			buildConfigurations = (
				35BED8F51BB252C90030D89B /* Debug */,
				35BED8F61BB252C90030D89B /* Release */,
			);
			defaultConfigurationIsVisible = 0;
			defaultConfigurationName = Release;
		};
		35BED8F71BB252C90030D89B /* Build configuration list for PBXNativeTarget "LYXBaseAppTests" */ = {
			isa = XCConfigurationList;
			buildConfigurations = (
				35BED8F81BB252C90030D89B /* Debug */,
				35BED8F91BB252C90030D89B /* Release */,
			);
			defaultConfigurationIsVisible = 0;
			defaultConfigurationName = Release;
		};
		35BED8FA1BB252C90030D89B /* Build configuration list for PBXNativeTarget "LYXBaseAppUITests" */ = {
			isa = XCConfigurationList;
			buildConfigurations = (
				35BED8FB1BB252C90030D89B /* Debug */,
				35BED8FC1BB252C90030D89B /* Release */,
			);
			defaultConfigurationIsVisible = 0;
			defaultConfigurationName = Release;
		};
/* End XCConfigurationList section */
	};
	rootObject = 35BED8BF1BB252C80030D89B /* Project object */;
}
